// !$*UTF8*$!
{
	archiveVersion = 1;
	classes = {
	};
	objectVersion = 56;
	objects = {

/* Begin PBXBuildFile section */
		1A0000010000000000000001 /* SwiftCheetahApp.swift in Sources */ = {isa = PBXBuildFile; fileRef = 1A1000010000000000000001 /* SwiftCheetahApp.swift */; };
		1A0000020000000000000001 /* ContentView.swift in Sources */ = {isa = PBXBuildFile; fileRef = 1A1000020000000000000001 /* ContentView.swift */; };
		1A0000030000000000000001 /* BLEManager.swift in Sources */ = {isa = PBXBuildFile; fileRef = 1A1000030000000000000001 /* BLEManager.swift */; };
		1A0000040000000000000001 /* Characteristics.swift in Sources */ = {isa = PBXBuildFile; fileRef = 1A1000040000000000000001 /* Characteristics.swift */; };
		1A0000050000000000000001 /* Models.swift in Sources */ = {isa = PBXBuildFile; fileRef = 1A1000050000000000000001 /* Models.swift */; };
		1A0000060000000000000001 /* Parsers.swift in Sources */ = {isa = PBXBuildFile; fileRef = 1A1000060000000000000001 /* Parsers.swift */; };
		1A0000070000000000000001 /* PhysicsCalculator.swift in Sources */ = {isa = PBXBuildFile; fileRef = 1A1000070000000000000001 /* PhysicsCalculator.swift */; };
		1A0000080000000000000001 /* VarianceManager.swift in Sources */ = {isa = PBXBuildFile; fileRef = 1A1000080000000000000001 /* VarianceManager.swift */; };
		1A0000090000000000000001 /* ValueValidator.swift in Sources */ = {isa = PBXBuildFile; fileRef = 1A1000090000000000000001 /* ValueValidator.swift */; };
		1A00000A0000000000000001 /* Flags.swift in Sources */ = {isa = PBXBuildFile; fileRef = 1A10000A0000000000000001 /* Flags.swift */; };
		1A00000B0000000000000001 /* PeripheralManager.swift in Sources */ = {isa = PBXBuildFile; fileRef = 1A10000C0000000000000001 /* PeripheralManager.swift */; };
		1A00000C0000000000000002 /* PowerManager.swift in Sources */ = {isa = PBXBuildFile; fileRef = 1A10000D0000000000000002 /* PowerManager.swift */; };
		1A00000C0000000000000003 /* PowerVarianceManager.swift in Sources */ = {isa = PBXBuildFile; fileRef = 1A10000D0000000000000003 /* PowerVarianceManager.swift */; };
		1A00000E0000000000000001 /* BLEEncoding.swift in Sources */ = {isa = PBXBuildFile; fileRef = 1A10000F0000000000000001 /* BLEEncoding.swift */; };
		1A00000D0000000000000001 /* CadenceManager.swift in Sources */ = {isa = PBXBuildFile; fileRef = 1A10000E0000000000000001 /* CadenceManager.swift */; };
		1A00000D0000000000000003 /* OrnsteinUhlenbeckVariance.swift in Sources */ = {isa = PBXBuildFile; fileRef = 1A10000E0000000000000003 /* OrnsteinUhlenbeckVariance.swift */; };
		1A00000D0000000000000004 /* RandomUtility.swift in Sources */ = {isa = PBXBuildFile; fileRef = 1A10000E0000000000000004 /* RandomUtility.swift */; };
/* End PBXBuildFile section */

/* Begin PBXFileReference section */
		1A1000000000000000000001 /* SwiftCheetahApp.app */ = {isa = PBXFileReference; explicitFileType = wrapper.application; includeInIndex = 0; path = SwiftCheetahApp.app; sourceTree = BUILT_PRODUCTS_DIR; };
		1A1000010000000000000001 /* SwiftCheetahApp.swift */ = {isa = PBXFileReference; lastKnownFileType = sourcecode.swift; name = SwiftCheetahApp.swift; path = ../App/SwiftCheetahDemoApp/SwiftCheetahApp.swift; sourceTree = SOURCE_ROOT; };
		1A1000020000000000000001 /* ContentView.swift */ = {isa = PBXFileReference; lastKnownFileType = sourcecode.swift; name = ContentView.swift; path = ../App/SwiftCheetahDemoApp/ContentView.swift; sourceTree = SOURCE_ROOT; };
		1A1000030000000000000001 /* BLEManager.swift */ = {isa = PBXFileReference; lastKnownFileType = sourcecode.swift; name = BLEManager.swift; path = ../Sources/SwiftCheetahBLE/BLEManager.swift; sourceTree = SOURCE_ROOT; };
		1A1000040000000000000001 /* Characteristics.swift */ = {isa = PBXFileReference; lastKnownFileType = sourcecode.swift; name = Characteristics.swift; path = ../Sources/SwiftCheetahBLE/Characteristics.swift; sourceTree = SOURCE_ROOT; };
		1A1000050000000000000001 /* Models.swift */ = {isa = PBXFileReference; lastKnownFileType = sourcecode.swift; name = Models.swift; path = ../Sources/SwiftCheetahBLE/Models.swift; sourceTree = SOURCE_ROOT; };
		1A1000060000000000000001 /* Parsers.swift */ = {isa = PBXFileReference; lastKnownFileType = sourcecode.swift; name = Parsers.swift; path = ../Sources/SwiftCheetahBLE/Parsers.swift; sourceTree = SOURCE_ROOT; };
		1A1000070000000000000001 /* PhysicsCalculator.swift */ = {isa = PBXFileReference; lastKnownFileType = sourcecode.swift; name = PhysicsCalculator.swift; path = ../Sources/SwiftCheetahCore/PhysicsCalculator.swift; sourceTree = SOURCE_ROOT; };
		1A1000080000000000000001 /* VarianceManager.swift */ = {isa = PBXFileReference; lastKnownFileType = sourcecode.swift; name = VarianceManager.swift; path = ../Sources/SwiftCheetahCore/VarianceManager.swift; sourceTree = SOURCE_ROOT; };
		1A1000090000000000000001 /* ValueValidator.swift */ = {isa = PBXFileReference; lastKnownFileType = sourcecode.swift; name = ValueValidator.swift; path = ../Sources/SwiftCheetahCore/ValueValidator.swift; sourceTree = SOURCE_ROOT; };
		1A10000A0000000000000001 /* Flags.swift */ = {isa = PBXFileReference; lastKnownFileType = sourcecode.swift; name = Flags.swift; path = ../Sources/SwiftCheetahCore/Flags.swift; sourceTree = SOURCE_ROOT; };
		1A10000B0000000000000001 /* Info.plist */ = {isa = PBXFileReference; lastKnownFileType = text.plist.xml; path = Info.plist; sourceTree = "<group>"; };
		1A10000C0000000000000001 /* PeripheralManager.swift */ = {isa = PBXFileReference; lastKnownFileType = sourcecode.swift; name = PeripheralManager.swift; path = ../Sources/SwiftCheetahBLE/PeripheralManager.swift; sourceTree = SOURCE_ROOT; };
        1A10000D0000000000000002 /* PowerManager.swift */ = {isa = PBXFileReference; lastKnownFileType = sourcecode.swift; name = PowerManager.swift; path = ../Sources/SwiftCheetahCore/PowerManager.swift; sourceTree = SOURCE_ROOT; };
		1A10000D0000000000000003 /* PowerVarianceManager.swift */ = {isa = PBXFileReference; lastKnownFileType = sourcecode.swift; name = PowerVarianceManager.swift; path = ../Sources/SwiftCheetahCore/PowerVarianceManager.swift; sourceTree = SOURCE_ROOT; };
		1A10000F0000000000000001 /* BLEEncoding.swift */ = {isa = PBXFileReference; lastKnownFileType = sourcecode.swift; name = BLEEncoding.swift; path = ../Sources/SwiftCheetahBLE/BLEEncoding.swift; sourceTree = SOURCE_ROOT; };
		1A10000E0000000000000001 /* CadenceManager.swift */ = {isa = PBXFileReference; lastKnownFileType = sourcecode.swift; name = CadenceManager.swift; path = ../Sources/SwiftCheetahCore/CadenceManager.swift; sourceTree = SOURCE_ROOT; };
		1A10000E0000000000000003 /* OrnsteinUhlenbeckVariance.swift */ = {isa = PBXFileReference; lastKnownFileType = sourcecode.swift; name = OrnsteinUhlenbeckVariance.swift; path = ../Sources/SwiftCheetahCore/OrnsteinUhlenbeckVariance.swift; sourceTree = SOURCE_ROOT; };
		1A10000E0000000000000004 /* RandomUtility.swift */ = {isa = PBXFileReference; lastKnownFileType = sourcecode.swift; name = RandomUtility.swift; path = ../Sources/SwiftCheetahCore/RandomUtility.swift; sourceTree = SOURCE_ROOT; };
/* End PBXFileReference section */

/* Begin PBXFrameworksBuildPhase section */
		1A2000000000000000000001 /* Frameworks */ = {
			isa = PBXFrameworksBuildPhase;
			buildActionMask = 2147483647;
			files = (
			);
			runOnlyForDeploymentPostprocessing = 0;
		};
/* End PBXFrameworksBuildPhase section */

/* Begin PBXGroup section */
		1A3000000000000000000001 = {
			isa = PBXGroup;
			children = (
				1A3000010000000000000001 /* SwiftCheetahApp */,
				1A3000020000000000000001 /* Products */,
			);
			sourceTree = "<group>";
		};
		1A3000010000000000000001 /* SwiftCheetahApp */ = {
			isa = PBXGroup;
			children = (
				1A1000010000000000000001 /* SwiftCheetahApp.swift */,
				1A1000020000000000000001 /* ContentView.swift */,
				1A1000030000000000000001 /* BLEManager.swift */,
				1A10000F0000000000000001 /* BLEEncoding.swift */,
				1A10000C0000000000000001 /* PeripheralManager.swift */,
				1A1000040000000000000001 /* Characteristics.swift */,
				1A1000050000000000000001 /* Models.swift */,
				1A1000060000000000000001 /* Parsers.swift */,
				1A1000070000000000000001 /* PhysicsCalculator.swift */,
				1A1000080000000000000001 /* VarianceManager.swift */,
				1A1000090000000000000001 /* ValueValidator.swift */,
				1A10000A0000000000000001 /* Flags.swift */,
				1A10000D0000000000000002 /* PowerManager.swift */,
				1A10000D0000000000000003 /* PowerVarianceManager.swift */,
				1A10000E0000000000000001 /* CadenceManager.swift */,
				1A10000E0000000000000003 /* OrnsteinUhlenbeckVariance.swift */,
				1A10000E0000000000000004 /* RandomUtility.swift */,
				1A10000B0000000000000001 /* Info.plist */,
			);
			path = SwiftCheetahApp;
			sourceTree = SOURCE_ROOT;
		};
		1A3000020000000000000001 /* Products */ = {
			isa = PBXGroup;
			children = (
				1A1000000000000000000001 /* SwiftCheetahApp.app */,
			);
			name = Products;
			sourceTree = "<group>";
		};
/* End PBXGroup section */

/* Begin PBXNativeTarget section */
		1A4000000000000000000001 /* SwiftCheetahApp */ = {
			isa = PBXNativeTarget;
			buildConfigurationList = 1A7000000000000000000001 /* Build configuration list for PBXNativeTarget "SwiftCheetahApp" */;
			buildPhases = (
				1A5000000000000000000001 /* Sources */,
				1A2000000000000000000001 /* Frameworks */,
				1A6000000000000000000001 /* Resources */,
			);
			buildRules = (
			);
			dependencies = (
			);
			name = SwiftCheetahApp;
			productName = SwiftCheetah;
			productReference = 1A1000000000000000000001 /* SwiftCheetahApp.app */;
			productType = "com.apple.product-type.application";
		};
/* End PBXNativeTarget section */

/* Begin PBXProject section */
		1A9000000000000000000001 /* Project object */ = {
			isa = PBXProject;
			attributes = {
				LastSwiftUpdateCheck = 1500;
				LastUpgradeCheck = 1500;
				ORGANIZATIONNAME = "";
			};
			buildConfigurationList = 1A9000010000000000000001 /* Build configuration list for PBXProject "SwiftCheetahApp" */;
			compatibilityVersion = "Xcode 14.0";
			developmentRegion = en;
			hasScannedForEncodings = 0;
			knownRegions = (
				en,
			);
			mainGroup = 1A3000000000000000000001;
			productRefGroup = 1A3000020000000000000001 /* Products */;
			projectDirPath = "";
			projectRoot = "";
			targets = (
				1A4000000000000000000001 /* SwiftCheetahApp */,
			);
		};
/* End PBXProject section */

/* Begin PBXResourcesBuildPhase section */
		1A6000000000000000000001 /* Resources */ = {
			isa = PBXResourcesBuildPhase;
			buildActionMask = 2147483647;
			files = (
			);
			runOnlyForDeploymentPostprocessing = 0;
		};
/* End PBXResourcesBuildPhase section */

/* Begin PBXSourcesBuildPhase section */
		1A5000000000000000000001 /* Sources */ = {
			isa = PBXSourcesBuildPhase;
			buildActionMask = 2147483647;
			files = (
				1A0000010000000000000001 /* SwiftCheetahApp.swift in Sources */,
				1A0000020000000000000001 /* ContentView.swift in Sources */,
				1A0000030000000000000001 /* BLEManager.swift in Sources */,
				1A00000B0000000000000001 /* PeripheralManager.swift in Sources */,
				1A0000040000000000000001 /* Characteristics.swift in Sources */,
				1A0000050000000000000001 /* Models.swift in Sources */,
				1A0000060000000000000001 /* Parsers.swift in Sources */,
				1A0000070000000000000001 /* PhysicsCalculator.swift in Sources */,
				1A0000080000000000000001 /* VarianceManager.swift in Sources */,
				1A0000090000000000000001 /* ValueValidator.swift in Sources */,
				1A00000A0000000000000001 /* Flags.swift in Sources */,
				1A00000C0000000000000002 /* PowerManager.swift in Sources */,
				1A00000C0000000000000003 /* PowerVarianceManager.swift in Sources */,
				1A00000E0000000000000001 /* BLEEncoding.swift in Sources */,
				1A00000D0000000000000001 /* CadenceManager.swift in Sources */,
				1A00000D0000000000000003 /* OrnsteinUhlenbeckVariance.swift in Sources */,
				1A00000D0000000000000004 /* RandomUtility.swift in Sources */,
			);
			runOnlyForDeploymentPostprocessing = 0;
		};
/* End PBXSourcesBuildPhase section */

/* Begin XCBuildConfiguration section */
		1A7000010000000000000001 /* Debug */ = {
			isa = XCBuildConfiguration;
			buildSettings = {
				ALWAYS_SEARCH_USER_PATHS = NO;
				ASSETCATALOG_COMPILER_APPICON_NAME = AppIcon;
				"CODE_SIGN_IDENTITY[sdk=macosx*]" = "Apple Development";
				CODE_SIGN_STYLE = Automatic;
				DEVELOPMENT_TEAM = 6A3L897WFW;
				INFOPLIST_FILE = Info.plist;
				LD_RUNPATH_SEARCH_PATHS = (
					"$(inherited)",
					"@executable_path/../Frameworks",
				);
				MACOSX_DEPLOYMENT_TARGET = 26.0;
				MTL_ENABLE_DEBUG_INFO = INCLUDE_SOURCE;
				PRODUCT_BUNDLE_IDENTIFIER = com.example.swiftcheetah;
				PRODUCT_NAME = "$(TARGET_NAME)";
				SDKROOT = macosx;
				SWIFT_VERSION = 6.0;
				SWIFT_TREAT_WARNINGS_AS_ERRORS = YES;
			};
			name = Debug;
		};
		1A7000020000000000000001 /* Release */ = {
			isa = XCBuildConfiguration;
			buildSettings = {
				ALWAYS_SEARCH_USER_PATHS = NO;
				ASSETCATALOG_COMPILER_APPICON_NAME = AppIcon;
				"CODE_SIGN_IDENTITY[sdk=macosx*]" = "Apple Development";
				CODE_SIGN_STYLE = Automatic;
				DEVELOPMENT_TEAM = 6A3L897WFW;
				INFOPLIST_FILE = Info.plist;
				LD_RUNPATH_SEARCH_PATHS = (
					"$(inherited)",
					"@executable_path/../Frameworks",
				);
				MACOSX_DEPLOYMENT_TARGET = 26.0;
				PRODUCT_BUNDLE_IDENTIFIER = com.example.swiftcheetah;
				PRODUCT_NAME = "$(TARGET_NAME)";
				SDKROOT = macosx;
				SWIFT_VERSION = 6.0;
				SWIFT_TREAT_WARNINGS_AS_ERRORS = YES;
			};
			name = Release;
		};
		1A9000020000000000000001 /* Debug */ = {
			isa = XCBuildConfiguration;
			buildSettings = {
			};
			name = Debug;
		};
		1A9000030000000000000001 /* Release */ = {
			isa = XCBuildConfiguration;
			buildSettings = {
			};
			name = Release;
		};
/* End XCBuildConfiguration section */

/* Begin XCConfigurationList section */
		1A7000000000000000000001 /* Build configuration list for PBXNativeTarget "SwiftCheetahApp" */ = {
			isa = XCConfigurationList;
			buildConfigurations = (
				1A7000010000000000000001 /* Debug */,
				1A7000020000000000000001 /* Release */,
			);
			defaultConfigurationIsVisible = 0;
			defaultConfigurationName = Debug;
		};
		1A9000010000000000000001 /* Build configuration list for PBXProject "SwiftCheetahApp" */ = {
			isa = XCConfigurationList;
			buildConfigurations = (
				1A9000020000000000000001 /* Debug */,
				1A9000030000000000000001 /* Release */,
			);
			defaultConfigurationIsVisible = 0;
			defaultConfigurationName = Debug;
		};
/* End XCConfigurationList section */
	};
	rootObject = 1A9000000000000000000001 /* Project object */;
}
